// !$*UTF8*$!
{
	archiveVersion = 1;
	classes = {
	};
	objectVersion = 46;
	objects = {

/* Begin PBXBuildFile section */
		7B5AC83A1CD7E4590058EAE1 /* AppDelegate.swift in Sources */ = {isa = PBXBuildFile; fileRef = 7B5AC8391CD7E4590058EAE1 /* AppDelegate.swift */; };
		7B5AC83C1CD7E4590058EAE1 /* ViewController.swift in Sources */ = {isa = PBXBuildFile; fileRef = 7B5AC83B1CD7E4590058EAE1 /* ViewController.swift */; };
		7B5AC83F1CD7E4590058EAE1 /* Main.storyboard in Resources */ = {isa = PBXBuildFile; fileRef = 7B5AC83D1CD7E4590058EAE1 /* Main.storyboard */; };
		7B5AC8411CD7E4590058EAE1 /* Assets.xcassets in Resources */ = {isa = PBXBuildFile; fileRef = 7B5AC8401CD7E4590058EAE1 /* Assets.xcassets */; };
		7B5AC8441CD7E4590058EAE1 /* LaunchScreen.storyboard in Resources */ = {isa = PBXBuildFile; fileRef = 7B5AC8421CD7E4590058EAE1 /* LaunchScreen.storyboard */; };
		7B5AC84F1CD7E4590058EAE1 /* redblueTests.swift in Sources */ = {isa = PBXBuildFile; fileRef = 7B5AC84E1CD7E4590058EAE1 /* redblueTests.swift */; };
		7B5AC85A1CD7E4590058EAE1 /* redblueUITests.swift in Sources */ = {isa = PBXBuildFile; fileRef = 7B5AC8591CD7E4590058EAE1 /* redblueUITests.swift */; };
/* End PBXBuildFile section */

/* Begin PBXContainerItemProxy section */
		7B5AC84B1CD7E4590058EAE1 /* PBXContainerItemProxy */ = {
			isa = PBXContainerItemProxy;
			containerPortal = 7B5AC82E1CD7E4580058EAE1 /* Project object */;
			proxyType = 1;
			remoteGlobalIDString = 7B5AC8351CD7E4580058EAE1;
			remoteInfo = redblue;
		};
		7B5AC8561CD7E4590058EAE1 /* PBXContainerItemProxy */ = {
			isa = PBXContainerItemProxy;
			containerPortal = 7B5AC82E1CD7E4580058EAE1 /* Project object */;
			proxyType = 1;
			remoteGlobalIDString = 7B5AC8351CD7E4580058EAE1;
			remoteInfo = redblue;
		};
/* End PBXContainerItemProxy section */

/* Begin PBXFileReference section */
		7B5AC8361CD7E4590058EAE1 /* redblue.app */ = {isa = PBXFileReference; explicitFileType = wrapper.application; includeInIndex = 0; path = redblue.app; sourceTree = BUILT_PRODUCTS_DIR; };
		7B5AC8391CD7E4590058EAE1 /* AppDelegate.swift */ = {isa = PBXFileReference; lastKnownFileType = sourcecode.swift; path = AppDelegate.swift; sourceTree = "<group>"; };
		7B5AC83B1CD7E4590058EAE1 /* ViewController.swift */ = {isa = PBXFileReference; lastKnownFileType = sourcecode.swift; path = ViewController.swift; sourceTree = "<group>"; };
		7B5AC83E1CD7E4590058EAE1 /* Base */ = {isa = PBXFileReference; lastKnownFileType = file.storyboard; name = Base; path = Base.lproj/Main.storyboard; sourceTree = "<group>"; };
		7B5AC8401CD7E4590058EAE1 /* Assets.xcassets */ = {isa = PBXFileReference; lastKnownFileType = folder.assetcatalog; path = Assets.xcassets; sourceTree = "<group>"; };
		7B5AC8431CD7E4590058EAE1 /* Base */ = {isa = PBXFileReference; lastKnownFileType = file.storyboard; name = Base; path = Base.lproj/LaunchScreen.storyboard; sourceTree = "<group>"; };
		7B5AC8451CD7E4590058EAE1 /* Info.plist */ = {isa = PBXFileReference; lastKnownFileType = text.plist.xml; path = Info.plist; sourceTree = "<group>"; };
		7B5AC84A1CD7E4590058EAE1 /* redblueTests.xctest */ = {isa = PBXFileReference; explicitFileType = wrapper.cfbundle; includeInIndex = 0; path = redblueTests.xctest; sourceTree = BUILT_PRODUCTS_DIR; };
		7B5AC84E1CD7E4590058EAE1 /* redblueTests.swift */ = {isa = PBXFileReference; lastKnownFileType = sourcecode.swift; path = redblueTests.swift; sourceTree = "<group>"; };
		7B5AC8501CD7E4590058EAE1 /* Info.plist */ = {isa = PBXFileReference; lastKnownFileType = text.plist.xml; path = Info.plist; sourceTree = "<group>"; };
		7B5AC8551CD7E4590058EAE1 /* redblueUITests.xctest */ = {isa = PBXFileReference; explicitFileType = wrapper.cfbundle; includeInIndex = 0; path = redblueUITests.xctest; sourceTree = BUILT_PRODUCTS_DIR; };
		7B5AC8591CD7E4590058EAE1 /* redblueUITests.swift */ = {isa = PBXFileReference; lastKnownFileType = sourcecode.swift; path = redblueUITests.swift; sourceTree = "<group>"; };
		7B5AC85B1CD7E4590058EAE1 /* Info.plist */ = {isa = PBXFileReference; lastKnownFileType = text.plist.xml; path = Info.plist; sourceTree = "<group>"; };
/* End PBXFileReference section */

/* Begin PBXFrameworksBuildPhase section */
		7B5AC8331CD7E4580058EAE1 /* Frameworks */ = {
			isa = PBXFrameworksBuildPhase;
			buildActionMask = 2147483647;
			files = (
			);
			runOnlyForDeploymentPostprocessing = 0;
		};
		7B5AC8471CD7E4590058EAE1 /* Frameworks */ = {
			isa = PBXFrameworksBuildPhase;
			buildActionMask = 2147483647;
			files = (
			);
			runOnlyForDeploymentPostprocessing = 0;
		};
		7B5AC8521CD7E4590058EAE1 /* Frameworks */ = {
			isa = PBXFrameworksBuildPhase;
			buildActionMask = 2147483647;
			files = (
			);
			runOnlyForDeploymentPostprocessing = 0;
		};
/* End PBXFrameworksBuildPhase section */

/* Begin PBXGroup section */
		7B5AC82D1CD7E4580058EAE1 = {
			isa = PBXGroup;
			children = (
				7B5AC8381CD7E4590058EAE1 /* redblue */,
				7B5AC84D1CD7E4590058EAE1 /* redblueTests */,
				7B5AC8581CD7E4590058EAE1 /* redblueUITests */,
				7B5AC8371CD7E4590058EAE1 /* Products */,
			);
			sourceTree = "<group>";
		};
		7B5AC8371CD7E4590058EAE1 /* Products */ = {
			isa = PBXGroup;
			children = (
				7B5AC8361CD7E4590058EAE1 /* redblue.app */,
				7B5AC84A1CD7E4590058EAE1 /* redblueTests.xctest */,
				7B5AC8551CD7E4590058EAE1 /* redblueUITests.xctest */,
			);
			name = Products;
			sourceTree = "<group>";
		};
		7B5AC8381CD7E4590058EAE1 /* redblue */ = {
			isa = PBXGroup;
			children = (
				7B5AC8391CD7E4590058EAE1 /* AppDelegate.swift */,
				7B5AC83B1CD7E4590058EAE1 /* ViewController.swift */,
				7B5AC83D1CD7E4590058EAE1 /* Main.storyboard */,
				7B5AC8401CD7E4590058EAE1 /* Assets.xcassets */,
				7B5AC8421CD7E4590058EAE1 /* LaunchScreen.storyboard */,
				7B5AC8451CD7E4590058EAE1 /* Info.plist */,
			);
			path = redblue;
			sourceTree = "<group>";
		};
		7B5AC84D1CD7E4590058EAE1 /* redblueTests */ = {
			isa = PBXGroup;
			children = (
				7B5AC84E1CD7E4590058EAE1 /* redblueTests.swift */,
				7B5AC8501CD7E4590058EAE1 /* Info.plist */,
			);
			path = redblueTests;
			sourceTree = "<group>";
		};
		7B5AC8581CD7E4590058EAE1 /* redblueUITests */ = {
			isa = PBXGroup;
			children = (
				7B5AC8591CD7E4590058EAE1 /* redblueUITests.swift */,
				7B5AC85B1CD7E4590058EAE1 /* Info.plist */,
			);
			path = redblueUITests;
			sourceTree = "<group>";
		};
/* End PBXGroup section */

/* Begin PBXNativeTarget section */
		7B5AC8351CD7E4580058EAE1 /* redblue */ = {
			isa = PBXNativeTarget;
			buildConfigurationList = 7B5AC85E1CD7E4590058EAE1 /* Build configuration list for PBXNativeTarget "redblue" */;
			buildPhases = (
				7B5AC8321CD7E4580058EAE1 /* Sources */,
				7B5AC8331CD7E4580058EAE1 /* Frameworks */,
				7B5AC8341CD7E4580058EAE1 /* Resources */,
			);
			buildRules = (
			);
			dependencies = (
			);
			name = redblue;
			productName = redblue;
			productReference = 7B5AC8361CD7E4590058EAE1 /* redblue.app */;
			productType = "com.apple.product-type.application";
		};
		7B5AC8491CD7E4590058EAE1 /* redblueTests */ = {
			isa = PBXNativeTarget;
			buildConfigurationList = 7B5AC8611CD7E4590058EAE1 /* Build configuration list for PBXNativeTarget "redblueTests" */;
			buildPhases = (
				7B5AC8461CD7E4590058EAE1 /* Sources */,
				7B5AC8471CD7E4590058EAE1 /* Frameworks */,
				7B5AC8481CD7E4590058EAE1 /* Resources */,
			);
			buildRules = (
			);
			dependencies = (
				7B5AC84C1CD7E4590058EAE1 /* PBXTargetDependency */,
			);
			name = redblueTests;
			productName = redblueTests;
			productReference = 7B5AC84A1CD7E4590058EAE1 /* redblueTests.xctest */;
			productType = "com.apple.product-type.bundle.unit-test";
		};
		7B5AC8541CD7E4590058EAE1 /* redblueUITests */ = {
			isa = PBXNativeTarget;
			buildConfigurationList = 7B5AC8641CD7E4590058EAE1 /* Build configuration list for PBXNativeTarget "redblueUITests" */;
			buildPhases = (
				7B5AC8511CD7E4590058EAE1 /* Sources */,
				7B5AC8521CD7E4590058EAE1 /* Frameworks */,
				7B5AC8531CD7E4590058EAE1 /* Resources */,
			);
			buildRules = (
			);
			dependencies = (
				7B5AC8571CD7E4590058EAE1 /* PBXTargetDependency */,
			);
			name = redblueUITests;
			productName = redblueUITests;
			productReference = 7B5AC8551CD7E4590058EAE1 /* redblueUITests.xctest */;
			productType = "com.apple.product-type.bundle.ui-testing";
		};
/* End PBXNativeTarget section */

/* Begin PBXProject section */
		7B5AC82E1CD7E4580058EAE1 /* Project object */ = {
			isa = PBXProject;
			attributes = {
				LastSwiftUpdateCheck = 0730;
				LastUpgradeCheck = 0730;
				ORGANIZATIONNAME = "Alexanian Enterprises";
				TargetAttributes = {
					7B5AC8351CD7E4580058EAE1 = {
						CreatedOnToolsVersion = 7.3;
					};
					7B5AC8491CD7E4590058EAE1 = {
						CreatedOnToolsVersion = 7.3;
						TestTargetID = 7B5AC8351CD7E4580058EAE1;
					};
					7B5AC8541CD7E4590058EAE1 = {
						CreatedOnToolsVersion = 7.3;
						TestTargetID = 7B5AC8351CD7E4580058EAE1;
					};
				};
			};
			buildConfigurationList = 7B5AC8311CD7E4580058EAE1 /* Build configuration list for PBXProject "redblue" */;
			compatibilityVersion = "Xcode 3.2";
			developmentRegion = English;
			hasScannedForEncodings = 0;
			knownRegions = (
				en,
				Base,
			);
			mainGroup = 7B5AC82D1CD7E4580058EAE1;
			productRefGroup = 7B5AC8371CD7E4590058EAE1 /* Products */;
			projectDirPath = "";
			projectRoot = "";
			targets = (
				7B5AC8351CD7E4580058EAE1 /* redblue */,
				7B5AC8491CD7E4590058EAE1 /* redblueTests */,
				7B5AC8541CD7E4590058EAE1 /* redblueUITests */,
			);
		};
/* End PBXProject section */

/* Begin PBXResourcesBuildPhase section */
		7B5AC8341CD7E4580058EAE1 /* Resources */ = {
			isa = PBXResourcesBuildPhase;
			buildActionMask = 2147483647;
			files = (
				7B5AC8441CD7E4590058EAE1 /* LaunchScreen.storyboard in Resources */,
				7B5AC8411CD7E4590058EAE1 /* Assets.xcassets in Resources */,
				7B5AC83F1CD7E4590058EAE1 /* Main.storyboard in Resources */,
			);
			runOnlyForDeploymentPostprocessing = 0;
		};
		7B5AC8481CD7E4590058EAE1 /* Resources */ = {
			isa = PBXResourcesBuildPhase;
			buildActionMask = 2147483647;
			files = (
			);
			runOnlyForDeploymentPostprocessing = 0;
		};
		7B5AC8531CD7E4590058EAE1 /* Resources */ = {
			isa = PBXResourcesBuildPhase;
			buildActionMask = 2147483647;
			files = (
			);
			runOnlyForDeploymentPostprocessing = 0;
		};
/* End PBXResourcesBuildPhase section */

/* Begin PBXSourcesBuildPhase section */
		7B5AC8321CD7E4580058EAE1 /* Sources */ = {
			isa = PBXSourcesBuildPhase;
			buildActionMask = 2147483647;
			files = (
				7B5AC83C1CD7E4590058EAE1 /* ViewController.swift in Sources */,
				7B5AC83A1CD7E4590058EAE1 /* AppDelegate.swift in Sources */,
			);
			runOnlyForDeploymentPostprocessing = 0;
		};
		7B5AC8461CD7E4590058EAE1 /* Sources */ = {
			isa = PBXSourcesBuildPhase;
			buildActionMask = 2147483647;
			files = (
				7B5AC84F1CD7E4590058EAE1 /* redblueTests.swift in Sources */,
			);
			runOnlyForDeploymentPostprocessing = 0;
		};
		7B5AC8511CD7E4590058EAE1 /* Sources */ = {
			isa = PBXSourcesBuildPhase;
			buildActionMask = 2147483647;
			files = (
				7B5AC85A1CD7E4590058EAE1 /* redblueUITests.swift in Sources */,
			);
			runOnlyForDeploymentPostprocessing = 0;
		};
/* End PBXSourcesBuildPhase section */

/* Begin PBXTargetDependency section */
		7B5AC84C1CD7E4590058EAE1 /* PBXTargetDependency */ = {
			isa = PBXTargetDependency;
			target = 7B5AC8351CD7E4580058EAE1 /* redblue */;
			targetProxy = 7B5AC84B1CD7E4590058EAE1 /* PBXContainerItemProxy */;
		};
		7B5AC8571CD7E4590058EAE1 /* PBXTargetDependency */ = {
			isa = PBXTargetDependency;
			target = 7B5AC8351CD7E4580058EAE1 /* redblue */;
			targetProxy = 7B5AC8561CD7E4590058EAE1 /* PBXContainerItemProxy */;
		};
/* End PBXTargetDependency section */

/* Begin PBXVariantGroup section */
		7B5AC83D1CD7E4590058EAE1 /* Main.storyboard */ = {
			isa = PBXVariantGroup;
			children = (
				7B5AC83E1CD7E4590058EAE1 /* Base */,
			);
			name = Main.storyboard;
			sourceTree = "<group>";
		};
		7B5AC8421CD7E4590058EAE1 /* LaunchScreen.storyboard */ = {
			isa = PBXVariantGroup;
			children = (
				7B5AC8431CD7E4590058EAE1 /* Base */,
			);
			name = LaunchScreen.storyboard;
			sourceTree = "<group>";
		};
/* End PBXVariantGroup section */

/* Begin XCBuildConfiguration section */
		7B5AC85C1CD7E4590058EAE1 /* Debug */ = {
			isa = XCBuildConfiguration;
			buildSettings = {
				ALWAYS_SEARCH_USER_PATHS = NO;
				CLANG_ANALYZER_NONNULL = YES;
				CLANG_CXX_LANGUAGE_STANDARD = "gnu++0x";
				CLANG_CXX_LIBRARY = "libc++";
				CLANG_ENABLE_MODULES = YES;
				CLANG_ENABLE_OBJC_ARC = YES;
				CLANG_WARN_BOOL_CONVERSION = YES;
				CLANG_WARN_CONSTANT_CONVERSION = YES;
				CLANG_WARN_DIRECT_OBJC_ISA_USAGE = YES_ERROR;
				CLANG_WARN_EMPTY_BODY = YES;
				CLANG_WARN_ENUM_CONVERSION = YES;
				CLANG_WARN_INT_CONVERSION = YES;
				CLANG_WARN_OBJC_ROOT_CLASS = YES_ERROR;
				CLANG_WARN_UNREACHABLE_CODE = YES;
				CLANG_WARN__DUPLICATE_METHOD_MATCH = YES;
				"CODE_SIGN_IDENTITY[sdk=iphoneos*]" = "iPhone Developer";
				COPY_PHASE_STRIP = NO;
				DEBUG_INFORMATION_FORMAT = dwarf;
				ENABLE_STRICT_OBJC_MSGSEND = YES;
				ENABLE_TESTABILITY = YES;
				GCC_C_LANGUAGE_STANDARD = gnu99;
				GCC_DYNAMIC_NO_PIC = NO;
				GCC_NO_COMMON_BLOCKS = YES;
				GCC_OPTIMIZATION_LEVEL = 0;
				GCC_PREPROCESSOR_DEFINITIONS = (
					"DEBUG=1",
					"$(inherited)",
				);
				GCC_WARN_64_TO_32_BIT_CONVERSION = YES;
				GCC_WARN_ABOUT_RETURN_TYPE = YES_ERROR;
				GCC_WARN_UNDECLARED_SELECTOR = YES;
				GCC_WARN_UNINITIALIZED_AUTOS = YES_AGGRESSIVE;
				GCC_WARN_UNUSED_FUNCTION = YES;
				GCC_WARN_UNUSED_VARIABLE = YES;
				IPHONEOS_DEPLOYMENT_TARGET = 9.3;
				MTL_ENABLE_DEBUG_INFO = YES;
				ONLY_ACTIVE_ARCH = YES;
				SDKROOT = iphoneos;
				SWIFT_OPTIMIZATION_LEVEL = "-Onone";
			};
			name = Debug;
		};
		7B5AC85D1CD7E4590058EAE1 /* Release */ = {
			isa = XCBuildConfiguration;
			buildSettings = {
				ALWAYS_SEARCH_USER_PATHS = NO;
				CLANG_ANALYZER_NONNULL = YES;
				CLANG_CXX_LANGUAGE_STANDARD = "gnu++0x";
				CLANG_CXX_LIBRARY = "libc++";
				CLANG_ENABLE_MODULES = YES;
				CLANG_ENABLE_OBJC_ARC = YES;
				CLANG_WARN_BOOL_CONVERSION = YES;
				CLANG_WARN_CONSTANT_CONVERSION = YES;
				CLANG_WARN_DIRECT_OBJC_ISA_USAGE = YES_ERROR;
				CLANG_WARN_EMPTY_BODY = YES;
				CLANG_WARN_ENUM_CONVERSION = YES;
				CLANG_WARN_INT_CONVERSION = YES;
				CLANG_WARN_OBJC_ROOT_CLASS = YES_ERROR;
				CLANG_WARN_UNREACHABLE_CODE = YES;
				CLANG_WARN__DUPLICATE_METHOD_MATCH = YES;
				"CODE_SIGN_IDENTITY[sdk=iphoneos*]" = "iPhone Developer";
				COPY_PHASE_STRIP = NO;
				DEBUG_INFORMATION_FORMAT = "dwarf-with-dsym";
				ENABLE_NS_ASSERTIONS = NO;
				ENABLE_STRICT_OBJC_MSGSEND = YES;
				GCC_C_LANGUAGE_STANDARD = gnu99;
				GCC_NO_COMMON_BLOCKS = YES;
				GCC_WARN_64_TO_32_BIT_CONVERSION = YES;
				GCC_WARN_ABOUT_RETURN_TYPE = YES_ERROR;
				GCC_WARN_UNDECLARED_SELECTOR = YES;
				GCC_WARN_UNINITIALIZED_AUTOS = YES_AGGRESSIVE;
				GCC_WARN_UNUSED_FUNCTION = YES;
				GCC_WARN_UNUSED_VARIABLE = YES;
				IPHONEOS_DEPLOYMENT_TARGET = 9.3;
				MTL_ENABLE_DEBUG_INFO = NO;
				SDKROOT = iphoneos;
				VALIDATE_PRODUCT = YES;
			};
			name = Release;
		};
		7B5AC85F1CD7E4590058EAE1 /* Debug */ = {
			isa = XCBuildConfiguration;
			buildSettings = {
				ASSETCATALOG_COMPILER_APPICON_NAME = AppIcon;
				INFOPLIST_FILE = redblue/Info.plist;
				LD_RUNPATH_SEARCH_PATHS = "$(inherited) @executable_path/Frameworks";
				PRODUCT_BUNDLE_IDENTIFIER = com.AlexanianEnterprises.redblue;
				PRODUCT_NAME = "$(TARGET_NAME)";
			};
			name = Debug;
		};
		7B5AC8601CD7E4590058EAE1 /* Release */ = {
			isa = XCBuildConfiguration;
			buildSettings = {
				ASSETCATALOG_COMPILER_APPICON_NAME = AppIcon;
				INFOPLIST_FILE = redblue/Info.plist;
				LD_RUNPATH_SEARCH_PATHS = "$(inherited) @executable_path/Frameworks";
				PRODUCT_BUNDLE_IDENTIFIER = com.AlexanianEnterprises.redblue;
				PRODUCT_NAME = "$(TARGET_NAME)";
			};
			name = Release;
		};
		7B5AC8621CD7E4590058EAE1 /* Debug */ = {
			isa = XCBuildConfiguration;
			buildSettings = {
				BUNDLE_LOADER = "$(TEST_HOST)";
				INFOPLIST_FILE = redblueTests/Info.plist;
				LD_RUNPATH_SEARCH_PATHS = "$(inherited) @executable_path/Frameworks @loader_path/Frameworks";
				PRODUCT_BUNDLE_IDENTIFIER = com.AlexanianEnterprises.redblueTests;
				PRODUCT_NAME = "$(TARGET_NAME)";
				TEST_HOST = "$(BUILT_PRODUCTS_DIR)/redblue.app/redblue";
			};
			name = Debug;
		};
		7B5AC8631CD7E4590058EAE1 /* Release */ = {
			isa = XCBuildConfiguration;
			buildSettings = {
				BUNDLE_LOADER = "$(TEST_HOST)";
				INFOPLIST_FILE = redblueTests/Info.plist;
				LD_RUNPATH_SEARCH_PATHS = "$(inherited) @executable_path/Frameworks @loader_path/Frameworks";
				PRODUCT_BUNDLE_IDENTIFIER = com.AlexanianEnterprises.redblueTests;
				PRODUCT_NAME = "$(TARGET_NAME)";
				TEST_HOST = "$(BUILT_PRODUCTS_DIR)/redblue.app/redblue";
			};
			name = Release;
		};
		7B5AC8651CD7E4590058EAE1 /* Debug */ = {
			isa = XCBuildConfiguration;
			buildSettings = {
				INFOPLIST_FILE = redblueUITests/Info.plist;
				LD_RUNPATH_SEARCH_PATHS = "$(inherited) @executable_path/Frameworks @loader_path/Frameworks";
				PRODUCT_BUNDLE_IDENTIFIER = com.AlexanianEnterprises.redblueUITests;
				PRODUCT_NAME = "$(TARGET_NAME)";
				TEST_TARGET_NAME = redblue;
			};
			name = Debug;
		};
		7B5AC8661CD7E4590058EAE1 /* Release */ = {
			isa = XCBuildConfiguration;
			buildSettings = {
				INFOPLIST_FILE = redblueUITests/Info.plist;
				LD_RUNPATH_SEARCH_PATHS = "$(inherited) @executable_path/Frameworks @loader_path/Frameworks";
				PRODUCT_BUNDLE_IDENTIFIER = com.AlexanianEnterprises.redblueUITests;
				PRODUCT_NAME = "$(TARGET_NAME)";
				TEST_TARGET_NAME = redblue;
			};
			name = Release;
		};
/* End XCBuildConfiguration section */

/* Begin XCConfigurationList section */
		7B5AC8311CD7E4580058EAE1 /* Build configuration list for PBXProject "redblue" */ = {
			isa = XCConfigurationList;
			buildConfigurations = (
				7B5AC85C1CD7E4590058EAE1 /* Debug */,
				7B5AC85D1CD7E4590058EAE1 /* Release */,
			);
			defaultConfigurationIsVisible = 0;
			defaultConfigurationName = Release;
		};
		7B5AC85E1CD7E4590058EAE1 /* Build configuration list for PBXNativeTarget "redblue" */ = {
			isa = XCConfigurationList;
			buildConfigurations = (
				7B5AC85F1CD7E4590058EAE1 /* Debug */,
				7B5AC8601CD7E4590058EAE1 /* Release */,
			);
			defaultConfigurationIsVisible = 0;
		};
		7B5AC8611CD7E4590058EAE1 /* Build configuration list for PBXNativeTarget "redblueTests" */ = {
			isa = XCConfigurationList;
			buildConfigurations = (
				7B5AC8621CD7E4590058EAE1 /* Debug */,
				7B5AC8631CD7E4590058EAE1 /* Release */,
			);
			defaultConfigurationIsVisible = 0;
		};
		7B5AC8641CD7E4590058EAE1 /* Build configuration list for PBXNativeTarget "redblueUITests" */ = {
			isa = XCConfigurationList;
			buildConfigurations = (
				7B5AC8651CD7E4590058EAE1 /* Debug */,
				7B5AC8661CD7E4590058EAE1 /* Release */,
			);
			defaultConfigurationIsVisible = 0;
		};
/* End XCConfigurationList section */
	};
	rootObject = 7B5AC82E1CD7E4580058EAE1 /* Project object */;
}
